// !$*UTF8*$!
{
	archiveVersion = 1;
	classes = {
	};
	objectVersion = 46;
	objects = {

/* Begin PBXBuildFile section */
		C735ECE0B8740303906F62ED /* Pods_SeaFoodCanIAskYou.framework in Frameworks */ = {isa = PBXBuildFile; fileRef = 7771F395398E4E2C9B7B2AA2 /* Pods_SeaFoodCanIAskYou.framework */; };
		D018F4241DC30C0400E58069 /* SFEditAnswerViewController.swift in Sources */ = {isa = PBXBuildFile; fileRef = D018F4231DC30C0400E58069 /* SFEditAnswerViewController.swift */; };
		D01F4AE520B026BC009689E7 /* SFShowQuestionViewModel.swift in Sources */ = {isa = PBXBuildFile; fileRef = D01F4AE420B026BC009689E7 /* SFShowQuestionViewModel.swift */; };
		D01F4AE720B07AAB009689E7 /* SFShowAnswerViewModel.swift in Sources */ = {isa = PBXBuildFile; fileRef = D01F4AE620B07AAB009689E7 /* SFShowAnswerViewModel.swift */; };
		D01FEA6520B3042700CC5F25 /* SeaFoodCanIAskYouTests.swift in Sources */ = {isa = PBXBuildFile; fileRef = D01FEA6420B3042700CC5F25 /* SeaFoodCanIAskYouTests.swift */; };
		D01FEA7E20B3F3F200CC5F25 /* SFRealmProvider.swift in Sources */ = {isa = PBXBuildFile; fileRef = D01FEA7D20B3F3F200CC5F25 /* SFRealmProvider.swift */; };
		D022846820AC4FF700483B4D /* SFShowAnswerViewController.storyboard in Resources */ = {isa = PBXBuildFile; fileRef = D022846720AC4FF700483B4D /* SFShowAnswerViewController.storyboard */; };
		D022846A20AC515800483B4D /* NSObjectExtension.swift in Sources */ = {isa = PBXBuildFile; fileRef = D022846920AC515800483B4D /* NSObjectExtension.swift */; };
		D055FD2E1E1F631600517E22 /* SFQuestionAndAnswerDatabase.swift in Sources */ = {isa = PBXBuildFile; fileRef = D055FD2D1E1F631600517E22 /* SFQuestionAndAnswerDatabase.swift */; };
		D0732B8A1DB138E3003A28B8 /* AppDelegate.swift in Sources */ = {isa = PBXBuildFile; fileRef = D0732B891DB138E3003A28B8 /* AppDelegate.swift */; };
		D0732B8F1DB138E3003A28B8 /* SFShowQuestionViewController.storyboard in Resources */ = {isa = PBXBuildFile; fileRef = D0732B8D1DB138E3003A28B8 /* SFShowQuestionViewController.storyboard */; };
		D0732B941DB138E3003A28B8 /* LaunchScreen.storyboard in Resources */ = {isa = PBXBuildFile; fileRef = D0732B921DB138E3003A28B8 /* LaunchScreen.storyboard */; };
		D0732B9E1DB146A6003A28B8 /* Assets.xcassets in Resources */ = {isa = PBXBuildFile; fileRef = D0732B9D1DB146A6003A28B8 /* Assets.xcassets */; };
		D09440171E4767D0002BBAE3 /* SFShowQuestionViewController.swift in Sources */ = {isa = PBXBuildFile; fileRef = D09440161E4767D0002BBAE3 /* SFShowQuestionViewController.swift */; };
		D099057F1DBB482D00BBB377 /* MapKit.framework in Frameworks */ = {isa = PBXBuildFile; fileRef = D099057E1DBB482D00BBB377 /* MapKit.framework */; };
		D0E196EE1DBF9E6000838B2D /* SFEditQuestionViewController.swift in Sources */ = {isa = PBXBuildFile; fileRef = D0E196ED1DBF9E6000838B2D /* SFEditQuestionViewController.swift */; };
		D0EA628620AC531E002019D9 /* SFEditQuestionViewController.storyboard in Resources */ = {isa = PBXBuildFile; fileRef = D0EA628520AC531E002019D9 /* SFEditQuestionViewController.storyboard */; };
		D0EA628820AC53B9002019D9 /* SFEditAnswerViewController.storyboard in Resources */ = {isa = PBXBuildFile; fileRef = D0EA628720AC53B9002019D9 /* SFEditAnswerViewController.storyboard */; };
		D0F57C321DB73DA800866345 /* SFShowAnswerViewController.swift in Sources */ = {isa = PBXBuildFile; fileRef = D0F57C311DB73DA800866345 /* SFShowAnswerViewController.swift */; };
		DF0AAA541CDE54A4D0BF116E /* Pods_SeaFoodCanIAskYouTests.framework in Frameworks */ = {isa = PBXBuildFile; fileRef = 21A302194377F4B6F4E353D9 /* Pods_SeaFoodCanIAskYouTests.framework */; };
/* End PBXBuildFile section */

/* Begin PBXContainerItemProxy section */
		D01FEA6720B3042700CC5F25 /* PBXContainerItemProxy */ = {
			isa = PBXContainerItemProxy;
			containerPortal = D0732B7E1DB138E3003A28B8 /* Project object */;
			proxyType = 1;
			remoteGlobalIDString = D0732B851DB138E3003A28B8;
			remoteInfo = SeaFoodCanIAskYou;
		};
/* End PBXContainerItemProxy section */

/* Begin PBXFileReference section */
		158D2D67A938C69458E8B48C /* Pods-SeaFoodCanIAskYou.debug.xcconfig */ = {isa = PBXFileReference; includeInIndex = 1; lastKnownFileType = text.xcconfig; name = "Pods-SeaFoodCanIAskYou.debug.xcconfig"; path = "Pods/Target Support Files/Pods-SeaFoodCanIAskYou/Pods-SeaFoodCanIAskYou.debug.xcconfig"; sourceTree = "<group>"; };
		21A302194377F4B6F4E353D9 /* Pods_SeaFoodCanIAskYouTests.framework */ = {isa = PBXFileReference; explicitFileType = wrapper.framework; includeInIndex = 0; path = Pods_SeaFoodCanIAskYouTests.framework; sourceTree = BUILT_PRODUCTS_DIR; };
		64BFC4711F805709805291F3 /* Pods-SeaFoodCanIAskYou.release.xcconfig */ = {isa = PBXFileReference; includeInIndex = 1; lastKnownFileType = text.xcconfig; name = "Pods-SeaFoodCanIAskYou.release.xcconfig"; path = "Pods/Target Support Files/Pods-SeaFoodCanIAskYou/Pods-SeaFoodCanIAskYou.release.xcconfig"; sourceTree = "<group>"; };
		7771F395398E4E2C9B7B2AA2 /* Pods_SeaFoodCanIAskYou.framework */ = {isa = PBXFileReference; explicitFileType = wrapper.framework; includeInIndex = 0; path = Pods_SeaFoodCanIAskYou.framework; sourceTree = BUILT_PRODUCTS_DIR; };
		D018F4231DC30C0400E58069 /* SFEditAnswerViewController.swift */ = {isa = PBXFileReference; fileEncoding = 4; lastKnownFileType = sourcecode.swift; path = SFEditAnswerViewController.swift; sourceTree = "<group>"; };
		D01F4AE420B026BC009689E7 /* SFShowQuestionViewModel.swift */ = {isa = PBXFileReference; lastKnownFileType = sourcecode.swift; path = SFShowQuestionViewModel.swift; sourceTree = "<group>"; };
		D01F4AE620B07AAB009689E7 /* SFShowAnswerViewModel.swift */ = {isa = PBXFileReference; lastKnownFileType = sourcecode.swift; path = SFShowAnswerViewModel.swift; sourceTree = "<group>"; };
		D01FEA6220B3042700CC5F25 /* SeaFoodCanIAskYouTests.xctest */ = {isa = PBXFileReference; explicitFileType = wrapper.cfbundle; includeInIndex = 0; path = SeaFoodCanIAskYouTests.xctest; sourceTree = BUILT_PRODUCTS_DIR; };
		D01FEA6420B3042700CC5F25 /* SeaFoodCanIAskYouTests.swift */ = {isa = PBXFileReference; lastKnownFileType = sourcecode.swift; path = SeaFoodCanIAskYouTests.swift; sourceTree = "<group>"; };
		D01FEA6620B3042700CC5F25 /* Info.plist */ = {isa = PBXFileReference; lastKnownFileType = text.plist.xml; path = Info.plist; sourceTree = "<group>"; };
		D01FEA7D20B3F3F200CC5F25 /* SFRealmProvider.swift */ = {isa = PBXFileReference; lastKnownFileType = sourcecode.swift; path = SFRealmProvider.swift; sourceTree = "<group>"; };
		D022846720AC4FF700483B4D /* SFShowAnswerViewController.storyboard */ = {isa = PBXFileReference; lastKnownFileType = file.storyboard; path = SFShowAnswerViewController.storyboard; sourceTree = "<group>"; };
		D022846920AC515800483B4D /* NSObjectExtension.swift */ = {isa = PBXFileReference; fileEncoding = 4; lastKnownFileType = sourcecode.swift; path = NSObjectExtension.swift; sourceTree = "<group>"; };
		D055FD2D1E1F631600517E22 /* SFQuestionAndAnswerDatabase.swift */ = {isa = PBXFileReference; fileEncoding = 4; lastKnownFileType = sourcecode.swift; path = SFQuestionAndAnswerDatabase.swift; sourceTree = "<group>"; };
		D056A8802006608400D2EA72 /* SeaFoodCanIAskYou.entitlements */ = {isa = PBXFileReference; lastKnownFileType = text.plist.entitlements; path = SeaFoodCanIAskYou.entitlements; sourceTree = "<group>"; };
		D0732B861DB138E3003A28B8 /* SeaFoodCanIAskYou.app */ = {isa = PBXFileReference; explicitFileType = wrapper.application; includeInIndex = 0; path = SeaFoodCanIAskYou.app; sourceTree = BUILT_PRODUCTS_DIR; };
		D0732B891DB138E3003A28B8 /* AppDelegate.swift */ = {isa = PBXFileReference; lastKnownFileType = sourcecode.swift; path = AppDelegate.swift; sourceTree = "<group>"; };
		D0732B8E1DB138E3003A28B8 /* Base */ = {isa = PBXFileReference; lastKnownFileType = file.storyboard; name = Base; path = Base.lproj/SFShowQuestionViewController.storyboard; sourceTree = "<group>"; };
		D0732B931DB138E3003A28B8 /* Base */ = {isa = PBXFileReference; lastKnownFileType = file.storyboard; name = Base; path = Base.lproj/LaunchScreen.storyboard; sourceTree = "<group>"; };
		D0732B951DB138E3003A28B8 /* Info.plist */ = {isa = PBXFileReference; lastKnownFileType = text.plist.xml; path = Info.plist; sourceTree = "<group>"; };
		D0732B9D1DB146A6003A28B8 /* Assets.xcassets */ = {isa = PBXFileReference; lastKnownFileType = folder.assetcatalog; path = Assets.xcassets; sourceTree = "<group>"; };
		D09440161E4767D0002BBAE3 /* SFShowQuestionViewController.swift */ = {isa = PBXFileReference; fileEncoding = 4; lastKnownFileType = sourcecode.swift; path = SFShowQuestionViewController.swift; sourceTree = "<group>"; };
		D099057E1DBB482D00BBB377 /* MapKit.framework */ = {isa = PBXFileReference; lastKnownFileType = wrapper.framework; name = MapKit.framework; path = System/Library/Frameworks/MapKit.framework; sourceTree = SDKROOT; };
		D0E196ED1DBF9E6000838B2D /* SFEditQuestionViewController.swift */ = {isa = PBXFileReference; fileEncoding = 4; lastKnownFileType = sourcecode.swift; path = SFEditQuestionViewController.swift; sourceTree = "<group>"; };
		D0EA628520AC531E002019D9 /* SFEditQuestionViewController.storyboard */ = {isa = PBXFileReference; lastKnownFileType = file.storyboard; path = SFEditQuestionViewController.storyboard; sourceTree = "<group>"; };
		D0EA628720AC53B9002019D9 /* SFEditAnswerViewController.storyboard */ = {isa = PBXFileReference; lastKnownFileType = file.storyboard; path = SFEditAnswerViewController.storyboard; sourceTree = "<group>"; };
		D0F57C311DB73DA800866345 /* SFShowAnswerViewController.swift */ = {isa = PBXFileReference; fileEncoding = 4; lastKnownFileType = sourcecode.swift; path = SFShowAnswerViewController.swift; sourceTree = "<group>"; };
		D16538E1CB480A9F28486AEF /* Pods-SeaFoodCanIAskYouTests.release.xcconfig */ = {isa = PBXFileReference; includeInIndex = 1; lastKnownFileType = text.xcconfig; name = "Pods-SeaFoodCanIAskYouTests.release.xcconfig"; path = "Pods/Target Support Files/Pods-SeaFoodCanIAskYouTests/Pods-SeaFoodCanIAskYouTests.release.xcconfig"; sourceTree = "<group>"; };
		EDA5DCB08AEBF168ED04C025 /* Pods-SeaFoodCanIAskYouTests.debug.xcconfig */ = {isa = PBXFileReference; includeInIndex = 1; lastKnownFileType = text.xcconfig; name = "Pods-SeaFoodCanIAskYouTests.debug.xcconfig"; path = "Pods/Target Support Files/Pods-SeaFoodCanIAskYouTests/Pods-SeaFoodCanIAskYouTests.debug.xcconfig"; sourceTree = "<group>"; };
/* End PBXFileReference section */

/* Begin PBXFrameworksBuildPhase section */
		D01FEA5F20B3042700CC5F25 /* Frameworks */ = {
			isa = PBXFrameworksBuildPhase;
			buildActionMask = 2147483647;
			files = (
				DF0AAA541CDE54A4D0BF116E /* Pods_SeaFoodCanIAskYouTests.framework in Frameworks */,
			);
			runOnlyForDeploymentPostprocessing = 0;
		};
		D0732B831DB138E3003A28B8 /* Frameworks */ = {
			isa = PBXFrameworksBuildPhase;
			buildActionMask = 2147483647;
			files = (
				D099057F1DBB482D00BBB377 /* MapKit.framework in Frameworks */,
				C735ECE0B8740303906F62ED /* Pods_SeaFoodCanIAskYou.framework in Frameworks */,
			);
			runOnlyForDeploymentPostprocessing = 0;
		};
/* End PBXFrameworksBuildPhase section */

/* Begin PBXGroup section */
		A40681296C68558143F893DD /* Pods */ = {
			isa = PBXGroup;
			children = (
				158D2D67A938C69458E8B48C /* Pods-SeaFoodCanIAskYou.debug.xcconfig */,
				64BFC4711F805709805291F3 /* Pods-SeaFoodCanIAskYou.release.xcconfig */,
				EDA5DCB08AEBF168ED04C025 /* Pods-SeaFoodCanIAskYouTests.debug.xcconfig */,
				D16538E1CB480A9F28486AEF /* Pods-SeaFoodCanIAskYouTests.release.xcconfig */,
			);
			name = Pods;
			sourceTree = "<group>";
		};
		D01FEA6320B3042700CC5F25 /* SeaFoodCanIAskYouTests */ = {
			isa = PBXGroup;
			children = (
				D01FEA6420B3042700CC5F25 /* SeaFoodCanIAskYouTests.swift */,
				D01FEA6620B3042700CC5F25 /* Info.plist */,
			);
			path = SeaFoodCanIAskYouTests;
			sourceTree = "<group>";
		};
		D0230A2A1DBC93CD0025B913 /* AskQuestionView */ = {
			isa = PBXGroup;
			children = (
				D0732B8D1DB138E3003A28B8 /* SFShowQuestionViewController.storyboard */,
				D09440161E4767D0002BBAE3 /* SFShowQuestionViewController.swift */,
				D01F4AE420B026BC009689E7 /* SFShowQuestionViewModel.swift */,
				D022846720AC4FF700483B4D /* SFShowAnswerViewController.storyboard */,
				D0F57C311DB73DA800866345 /* SFShowAnswerViewController.swift */,
				D01F4AE620B07AAB009689E7 /* SFShowAnswerViewModel.swift */,
				D0EA628520AC531E002019D9 /* SFEditQuestionViewController.storyboard */,
				D0E196ED1DBF9E6000838B2D /* SFEditQuestionViewController.swift */,
				D0EA628720AC53B9002019D9 /* SFEditAnswerViewController.storyboard */,
				D018F4231DC30C0400E58069 /* SFEditAnswerViewController.swift */,
				D01FEA7D20B3F3F200CC5F25 /* SFRealmProvider.swift */,
			);
			name = AskQuestionView;
			sourceTree = "<group>";
		};
		D0732B7D1DB138E3003A28B8 = {
			isa = PBXGroup;
			children = (
				D0732B881DB138E3003A28B8 /* SeaFoodCanIAskYou */,
				D0732B921DB138E3003A28B8 /* LaunchScreen.storyboard */,
				D01FEA6320B3042700CC5F25 /* SeaFoodCanIAskYouTests */,
				D0732B871DB138E3003A28B8 /* Products */,
				D099057D1DBB482D00BBB377 /* Frameworks */,
				A40681296C68558143F893DD /* Pods */,
			);
			sourceTree = "<group>";
		};
		D0732B871DB138E3003A28B8 /* Products */ = {
			isa = PBXGroup;
			children = (
				D0732B861DB138E3003A28B8 /* SeaFoodCanIAskYou.app */,
				D01FEA6220B3042700CC5F25 /* SeaFoodCanIAskYouTests.xctest */,
			);
			name = Products;
			sourceTree = "<group>";
		};
		D0732B881DB138E3003A28B8 /* SeaFoodCanIAskYou */ = {
			isa = PBXGroup;
			children = (
				D056A8802006608400D2EA72 /* SeaFoodCanIAskYou.entitlements */,
				D0732B891DB138E3003A28B8 /* AppDelegate.swift */,
				D022846920AC515800483B4D /* NSObjectExtension.swift */,
				D0732B9D1DB146A6003A28B8 /* Assets.xcassets */,
				D0732B951DB138E3003A28B8 /* Info.plist */,
				D0EA628920AC5F73002019D9 /* Database */,
				D0230A2A1DBC93CD0025B913 /* AskQuestionView */,
			);
			path = SeaFoodCanIAskYou;
			sourceTree = "<group>";
		};
		D099057D1DBB482D00BBB377 /* Frameworks */ = {
			isa = PBXGroup;
			children = (
				D099057E1DBB482D00BBB377 /* MapKit.framework */,
				7771F395398E4E2C9B7B2AA2 /* Pods_SeaFoodCanIAskYou.framework */,
				21A302194377F4B6F4E353D9 /* Pods_SeaFoodCanIAskYouTests.framework */,
			);
			name = Frameworks;
			sourceTree = "<group>";
		};
		D0EA628920AC5F73002019D9 /* Database */ = {
			isa = PBXGroup;
			children = (
				D055FD2D1E1F631600517E22 /* SFQuestionAndAnswerDatabase.swift */,
			);
			name = Database;
			sourceTree = "<group>";
		};
/* End PBXGroup section */

/* Begin PBXNativeTarget section */
		D01FEA6120B3042700CC5F25 /* SeaFoodCanIAskYouTests */ = {
			isa = PBXNativeTarget;
			buildConfigurationList = D01FEA6920B3042800CC5F25 /* Build configuration list for PBXNativeTarget "SeaFoodCanIAskYouTests" */;
			buildPhases = (
				B1FBFD837AB254526DA8B0DE /* [CP] Check Pods Manifest.lock */,
				D01FEA5E20B3042700CC5F25 /* Sources */,
				D01FEA5F20B3042700CC5F25 /* Frameworks */,
				D01FEA6020B3042700CC5F25 /* Resources */,
				136F8B2420787EC945E4B2BF /* [CP] Embed Pods Frameworks */,
			);
			buildRules = (
			);
			dependencies = (
				D01FEA6820B3042700CC5F25 /* PBXTargetDependency */,
			);
			name = SeaFoodCanIAskYouTests;
			productName = SeaFoodCanIAskYouTests;
			productReference = D01FEA6220B3042700CC5F25 /* SeaFoodCanIAskYouTests.xctest */;
			productType = "com.apple.product-type.bundle.unit-test";
		};
		D0732B851DB138E3003A28B8 /* SeaFoodCanIAskYou */ = {
			isa = PBXNativeTarget;
			buildConfigurationList = D0732B981DB138E3003A28B8 /* Build configuration list for PBXNativeTarget "SeaFoodCanIAskYou" */;
			buildPhases = (
				7EDD4B0BBA89EAE07B3BC84C /* [CP] Check Pods Manifest.lock */,
				D0732B821DB138E3003A28B8 /* Sources */,
				D0732B831DB138E3003A28B8 /* Frameworks */,
				D0732B841DB138E3003A28B8 /* Resources */,
				AC29651B6A92E56EA99AA7D2 /* [CP] Embed Pods Frameworks */,
			);
			buildRules = (
			);
			dependencies = (
			);
			name = SeaFoodCanIAskYou;
			productName = SeaFoodCanIAskYou;
			productReference = D0732B861DB138E3003A28B8 /* SeaFoodCanIAskYou.app */;
			productType = "com.apple.product-type.application";
		};
/* End PBXNativeTarget section */

/* Begin PBXProject section */
		D0732B7E1DB138E3003A28B8 /* Project object */ = {
			isa = PBXProject;
			attributes = {
				LastSwiftUpdateCheck = 0930;
				LastUpgradeCheck = 0820;
				ORGANIZATIONNAME = "Justin Huang";
				TargetAttributes = {
					D01FEA6120B3042700CC5F25 = {
						CreatedOnToolsVersion = 9.3.1;
						DevelopmentTeam = 2GC9BV99WC;
						ProvisioningStyle = Automatic;
						TestTargetID = D0732B851DB138E3003A28B8;
					};
					D0732B851DB138E3003A28B8 = {
						CreatedOnToolsVersion = 8.0;
						DevelopmentTeam = 53ZNTUCJHP;
						ProvisioningStyle = Automatic;
						SystemCapabilities = {
							com.apple.BackgroundModes = {
								enabled = 1;
							};
							com.apple.Maps.iOS = {
								enabled = 0;
							};
							com.apple.Push = {
								enabled = 0;
							};
						};
					};
				};
			};
			buildConfigurationList = D0732B811DB138E3003A28B8 /* Build configuration list for PBXProject "SeaFoodCanIAskYou" */;
			compatibilityVersion = "Xcode 3.2";
			developmentRegion = English;
			hasScannedForEncodings = 0;
			knownRegions = (
				en,
				Base,
			);
			mainGroup = D0732B7D1DB138E3003A28B8;
			productRefGroup = D0732B871DB138E3003A28B8 /* Products */;
			projectDirPath = "";
			projectRoot = "";
			targets = (
				D0732B851DB138E3003A28B8 /* SeaFoodCanIAskYou */,
				D01FEA6120B3042700CC5F25 /* SeaFoodCanIAskYouTests */,
			);
		};
/* End PBXProject section */

/* Begin PBXResourcesBuildPhase section */
		D01FEA6020B3042700CC5F25 /* Resources */ = {
			isa = PBXResourcesBuildPhase;
			buildActionMask = 2147483647;
			files = (
			);
			runOnlyForDeploymentPostprocessing = 0;
		};
		D0732B841DB138E3003A28B8 /* Resources */ = {
			isa = PBXResourcesBuildPhase;
			buildActionMask = 2147483647;
			files = (
				D022846820AC4FF700483B4D /* SFShowAnswerViewController.storyboard in Resources */,
				D0732B941DB138E3003A28B8 /* LaunchScreen.storyboard in Resources */,
				D0732B9E1DB146A6003A28B8 /* Assets.xcassets in Resources */,
				D0732B8F1DB138E3003A28B8 /* SFShowQuestionViewController.storyboard in Resources */,
				D0EA628620AC531E002019D9 /* SFEditQuestionViewController.storyboard in Resources */,
				D0EA628820AC53B9002019D9 /* SFEditAnswerViewController.storyboard in Resources */,
			);
			runOnlyForDeploymentPostprocessing = 0;
		};
/* End PBXResourcesBuildPhase section */

/* Begin PBXShellScriptBuildPhase section */
		136F8B2420787EC945E4B2BF /* [CP] Embed Pods Frameworks */ = {
			isa = PBXShellScriptBuildPhase;
			buildActionMask = 2147483647;
			files = (
			);
			inputPaths = (
				"${SRCROOT}/Pods/Target Support Files/Pods-SeaFoodCanIAskYouTests/Pods-SeaFoodCanIAskYouTests-frameworks.sh",
				"${BUILT_PRODUCTS_DIR}/Realm/Realm.framework",
				"${BUILT_PRODUCTS_DIR}/RealmSwift/RealmSwift.framework",
			);
			name = "[CP] Embed Pods Frameworks";
			outputPaths = (
				"${TARGET_BUILD_DIR}/${FRAMEWORKS_FOLDER_PATH}/Realm.framework",
				"${TARGET_BUILD_DIR}/${FRAMEWORKS_FOLDER_PATH}/RealmSwift.framework",
			);
			runOnlyForDeploymentPostprocessing = 0;
			shellPath = /bin/sh;
			shellScript = "\"${SRCROOT}/Pods/Target Support Files/Pods-SeaFoodCanIAskYouTests/Pods-SeaFoodCanIAskYouTests-frameworks.sh\"\n";
			showEnvVarsInLog = 0;
		};
		7EDD4B0BBA89EAE07B3BC84C /* [CP] Check Pods Manifest.lock */ = {
			isa = PBXShellScriptBuildPhase;
			buildActionMask = 2147483647;
			files = (
			);
			inputPaths = (
				"${PODS_PODFILE_DIR_PATH}/Podfile.lock",
				"${PODS_ROOT}/Manifest.lock",
			);
			name = "[CP] Check Pods Manifest.lock";
			outputPaths = (
				"$(DERIVED_FILE_DIR)/Pods-SeaFoodCanIAskYou-checkManifestLockResult.txt",
			);
			runOnlyForDeploymentPostprocessing = 0;
			shellPath = /bin/sh;
			shellScript = "diff \"${PODS_PODFILE_DIR_PATH}/Podfile.lock\" \"${PODS_ROOT}/Manifest.lock\" > /dev/null\nif [ $? != 0 ] ; then\n    # print error to STDERR\n    echo \"error: The sandbox is not in sync with the Podfile.lock. Run 'pod install' or update your CocoaPods installation.\" >&2\n    exit 1\nfi\n# This output is used by Xcode 'outputs' to avoid re-running this script phase.\necho \"SUCCESS\" > \"${SCRIPT_OUTPUT_FILE_0}\"\n";
			showEnvVarsInLog = 0;
		};
		AC29651B6A92E56EA99AA7D2 /* [CP] Embed Pods Frameworks */ = {
			isa = PBXShellScriptBuildPhase;
			buildActionMask = 2147483647;
			files = (
			);
			inputPaths = (
				"${SRCROOT}/Pods/Target Support Files/Pods-SeaFoodCanIAskYou/Pods-SeaFoodCanIAskYou-frameworks.sh",
				"${BUILT_PRODUCTS_DIR}/Realm/Realm.framework",
				"${BUILT_PRODUCTS_DIR}/RealmSwift/RealmSwift.framework",
			);
			name = "[CP] Embed Pods Frameworks";
			outputPaths = (
				"${TARGET_BUILD_DIR}/${FRAMEWORKS_FOLDER_PATH}/Realm.framework",
				"${TARGET_BUILD_DIR}/${FRAMEWORKS_FOLDER_PATH}/RealmSwift.framework",
			);
			runOnlyForDeploymentPostprocessing = 0;
			shellPath = /bin/sh;
			shellScript = "\"${SRCROOT}/Pods/Target Support Files/Pods-SeaFoodCanIAskYou/Pods-SeaFoodCanIAskYou-frameworks.sh\"\n";
			showEnvVarsInLog = 0;
		};
		B1FBFD837AB254526DA8B0DE /* [CP] Check Pods Manifest.lock */ = {
			isa = PBXShellScriptBuildPhase;
			buildActionMask = 2147483647;
			files = (
			);
			inputPaths = (
				"${PODS_PODFILE_DIR_PATH}/Podfile.lock",
				"${PODS_ROOT}/Manifest.lock",
			);
			name = "[CP] Check Pods Manifest.lock";
			outputPaths = (
				"$(DERIVED_FILE_DIR)/Pods-SeaFoodCanIAskYouTests-checkManifestLockResult.txt",
			);
			runOnlyForDeploymentPostprocessing = 0;
			shellPath = /bin/sh;
			shellScript = "diff \"${PODS_PODFILE_DIR_PATH}/Podfile.lock\" \"${PODS_ROOT}/Manifest.lock\" > /dev/null\nif [ $? != 0 ] ; then\n    # print error to STDERR\n    echo \"error: The sandbox is not in sync with the Podfile.lock. Run 'pod install' or update your CocoaPods installation.\" >&2\n    exit 1\nfi\n# This output is used by Xcode 'outputs' to avoid re-running this script phase.\necho \"SUCCESS\" > \"${SCRIPT_OUTPUT_FILE_0}\"\n";
			showEnvVarsInLog = 0;
		};
/* End PBXShellScriptBuildPhase section */

/* Begin PBXSourcesBuildPhase section */
		D01FEA5E20B3042700CC5F25 /* Sources */ = {
			isa = PBXSourcesBuildPhase;
			buildActionMask = 2147483647;
			files = (
				D01FEA6520B3042700CC5F25 /* SeaFoodCanIAskYouTests.swift in Sources */,
			);
			runOnlyForDeploymentPostprocessing = 0;
		};
		D0732B821DB138E3003A28B8 /* Sources */ = {
			isa = PBXSourcesBuildPhase;
			buildActionMask = 2147483647;
			files = (
				D018F4241DC30C0400E58069 /* SFEditAnswerViewController.swift in Sources */,
				D0E196EE1DBF9E6000838B2D /* SFEditQuestionViewController.swift in Sources */,
				D0F57C321DB73DA800866345 /* SFShowAnswerViewController.swift in Sources */,
				D055FD2E1E1F631600517E22 /* SFQuestionAndAnswerDatabase.swift in Sources */,
				D0732B8A1DB138E3003A28B8 /* AppDelegate.swift in Sources */,
				D01FEA7E20B3F3F200CC5F25 /* SFRealmProvider.swift in Sources */,
				D09440171E4767D0002BBAE3 /* SFShowQuestionViewController.swift in Sources */,
				D01F4AE520B026BC009689E7 /* SFShowQuestionViewModel.swift in Sources */,
				D01F4AE720B07AAB009689E7 /* SFShowAnswerViewModel.swift in Sources */,
				D022846A20AC515800483B4D /* NSObjectExtension.swift in Sources */,
			);
			runOnlyForDeploymentPostprocessing = 0;
		};
/* End PBXSourcesBuildPhase section */

/* Begin PBXTargetDependency section */
		D01FEA6820B3042700CC5F25 /* PBXTargetDependency */ = {
			isa = PBXTargetDependency;
			target = D0732B851DB138E3003A28B8 /* SeaFoodCanIAskYou */;
			targetProxy = D01FEA6720B3042700CC5F25 /* PBXContainerItemProxy */;
		};
/* End PBXTargetDependency section */

/* Begin PBXVariantGroup section */
		D0732B8D1DB138E3003A28B8 /* SFShowQuestionViewController.storyboard */ = {
			isa = PBXVariantGroup;
			children = (
				D0732B8E1DB138E3003A28B8 /* Base */,
			);
			name = SFShowQuestionViewController.storyboard;
			sourceTree = "<group>";
		};
		D0732B921DB138E3003A28B8 /* LaunchScreen.storyboard */ = {
			isa = PBXVariantGroup;
			children = (
				D0732B931DB138E3003A28B8 /* Base */,
			);
			name = LaunchScreen.storyboard;
			sourceTree = "<group>";
		};
/* End PBXVariantGroup section */

/* Begin XCBuildConfiguration section */
		D01FEA6A20B3042800CC5F25 /* Debug */ = {
			isa = XCBuildConfiguration;
			baseConfigurationReference = EDA5DCB08AEBF168ED04C025 /* Pods-SeaFoodCanIAskYouTests.debug.xcconfig */;
			buildSettings = {
				BUNDLE_LOADER = "$(TEST_HOST)";
				CLANG_ANALYZER_NUMBER_OBJECT_CONVERSION = YES_AGGRESSIVE;
				CLANG_CXX_LANGUAGE_STANDARD = "gnu++14";
				CLANG_ENABLE_OBJC_WEAK = YES;
				CLANG_WARN_BLOCK_CAPTURE_AUTORELEASING = YES;
				CLANG_WARN_COMMA = YES;
				CLANG_WARN_DEPRECATED_OBJC_IMPLEMENTATIONS = YES;
				CLANG_WARN_NON_LITERAL_NULL_CONVERSION = YES;
				CLANG_WARN_OBJC_IMPLICIT_RETAIN_SELF = YES;
				CLANG_WARN_OBJC_LITERAL_CONVERSION = YES;
				CLANG_WARN_RANGE_LOOP_ANALYSIS = YES;
				CLANG_WARN_STRICT_PROTOTYPES = YES;
				CLANG_WARN_UNGUARDED_AVAILABILITY = YES_AGGRESSIVE;
				CODE_SIGN_IDENTITY = "iPhone Developer";
				CODE_SIGN_STYLE = Automatic;
				DEVELOPMENT_TEAM = 2GC9BV99WC;
				GCC_C_LANGUAGE_STANDARD = gnu11;
				INFOPLIST_FILE = SeaFoodCanIAskYouTests/Info.plist;
				IPHONEOS_DEPLOYMENT_TARGET = 11.3;
				LD_RUNPATH_SEARCH_PATHS = "$(inherited) @executable_path/Frameworks @loader_path/Frameworks";
				PRODUCT_BUNDLE_IDENTIFIER = co.JusitnH.SeaFoodCanIAskYouTests;
				PRODUCT_NAME = "$(TARGET_NAME)";
				SWIFT_VERSION = 3.0;
				TARGETED_DEVICE_FAMILY = "1,2";
				TEST_HOST = "$(BUILT_PRODUCTS_DIR)/SeaFoodCanIAskYou.app/SeaFoodCanIAskYou";
			};
			name = Debug;
		};
		D01FEA6B20B3042800CC5F25 /* Release */ = {
			isa = XCBuildConfiguration;
			baseConfigurationReference = D16538E1CB480A9F28486AEF /* Pods-SeaFoodCanIAskYouTests.release.xcconfig */;
			buildSettings = {
				BUNDLE_LOADER = "$(TEST_HOST)";
				CLANG_ANALYZER_NUMBER_OBJECT_CONVERSION = YES_AGGRESSIVE;
				CLANG_CXX_LANGUAGE_STANDARD = "gnu++14";
				CLANG_ENABLE_OBJC_WEAK = YES;
				CLANG_WARN_BLOCK_CAPTURE_AUTORELEASING = YES;
				CLANG_WARN_COMMA = YES;
				CLANG_WARN_DEPRECATED_OBJC_IMPLEMENTATIONS = YES;
				CLANG_WARN_NON_LITERAL_NULL_CONVERSION = YES;
				CLANG_WARN_OBJC_IMPLICIT_RETAIN_SELF = YES;
				CLANG_WARN_OBJC_LITERAL_CONVERSION = YES;
				CLANG_WARN_RANGE_LOOP_ANALYSIS = YES;
				CLANG_WARN_STRICT_PROTOTYPES = YES;
				CLANG_WARN_UNGUARDED_AVAILABILITY = YES_AGGRESSIVE;
				CODE_SIGN_IDENTITY = "iPhone Developer";
				CODE_SIGN_STYLE = Automatic;
				DEVELOPMENT_TEAM = 2GC9BV99WC;
				GCC_C_LANGUAGE_STANDARD = gnu11;
				INFOPLIST_FILE = SeaFoodCanIAskYouTests/Info.plist;
				IPHONEOS_DEPLOYMENT_TARGET = 11.3;
				LD_RUNPATH_SEARCH_PATHS = "$(inherited) @executable_path/Frameworks @loader_path/Frameworks";
				PRODUCT_BUNDLE_IDENTIFIER = co.JusitnH.SeaFoodCanIAskYouTests;
				PRODUCT_NAME = "$(TARGET_NAME)";
				SWIFT_VERSION = 3.0;
				TARGETED_DEVICE_FAMILY = "1,2";
				TEST_HOST = "$(BUILT_PRODUCTS_DIR)/SeaFoodCanIAskYou.app/SeaFoodCanIAskYou";
			};
			name = Release;
		};
		D0732B961DB138E3003A28B8 /* Debug */ = {
			isa = XCBuildConfiguration;
			buildSettings = {
				ALWAYS_SEARCH_USER_PATHS = NO;
				CLANG_ANALYZER_NONNULL = YES;
				CLANG_CXX_LANGUAGE_STANDARD = "gnu++0x";
				CLANG_CXX_LIBRARY = "libc++";
				CLANG_ENABLE_MODULES = YES;
				CLANG_ENABLE_OBJC_ARC = YES;
				CLANG_WARN_BOOL_CONVERSION = YES;
				CLANG_WARN_CONSTANT_CONVERSION = YES;
				CLANG_WARN_DIRECT_OBJC_ISA_USAGE = YES_ERROR;
				CLANG_WARN_DOCUMENTATION_COMMENTS = YES;
				CLANG_WARN_EMPTY_BODY = YES;
				CLANG_WARN_ENUM_CONVERSION = YES;
				CLANG_WARN_INFINITE_RECURSION = YES;
				CLANG_WARN_INT_CONVERSION = YES;
				CLANG_WARN_OBJC_ROOT_CLASS = YES_ERROR;
				CLANG_WARN_SUSPICIOUS_MOVE = YES;
				CLANG_WARN_SUSPICIOUS_MOVES = YES;
				CLANG_WARN_UNREACHABLE_CODE = YES;
				CLANG_WARN__DUPLICATE_METHOD_MATCH = YES;
				"CODE_SIGN_IDENTITY[sdk=iphoneos*]" = "iPhone Developer";
				COPY_PHASE_STRIP = NO;
				DEBUG_INFORMATION_FORMAT = dwarf;
				ENABLE_STRICT_OBJC_MSGSEND = YES;
				ENABLE_TESTABILITY = YES;
				GCC_C_LANGUAGE_STANDARD = gnu99;
				GCC_DYNAMIC_NO_PIC = NO;
				GCC_NO_COMMON_BLOCKS = YES;
				GCC_OPTIMIZATION_LEVEL = 0;
				GCC_PREPROCESSOR_DEFINITIONS = (
					"DEBUG=1",
					"$(inherited)",
				);
				GCC_WARN_64_TO_32_BIT_CONVERSION = YES;
				GCC_WARN_ABOUT_RETURN_TYPE = YES_ERROR;
				GCC_WARN_UNDECLARED_SELECTOR = YES;
				GCC_WARN_UNINITIALIZED_AUTOS = YES_AGGRESSIVE;
				GCC_WARN_UNUSED_FUNCTION = YES;
				GCC_WARN_UNUSED_VARIABLE = YES;
				IPHONEOS_DEPLOYMENT_TARGET = 10.0;
				MTL_ENABLE_DEBUG_INFO = YES;
				ONLY_ACTIVE_ARCH = YES;
				SDKROOT = iphoneos;
				SWIFT_ACTIVE_COMPILATION_CONDITIONS = DEBUG;
				SWIFT_OPTIMIZATION_LEVEL = "-Onone";
				TARGETED_DEVICE_FAMILY = "1,2";
			};
			name = Debug;
		};
		D0732B971DB138E3003A28B8 /* Release */ = {
			isa = XCBuildConfiguration;
			buildSettings = {
				ALWAYS_SEARCH_USER_PATHS = NO;
				CLANG_ANALYZER_NONNULL = YES;
				CLANG_CXX_LANGUAGE_STANDARD = "gnu++0x";
				CLANG_CXX_LIBRARY = "libc++";
				CLANG_ENABLE_MODULES = YES;
				CLANG_ENABLE_OBJC_ARC = YES;
				CLANG_WARN_BOOL_CONVERSION = YES;
				CLANG_WARN_CONSTANT_CONVERSION = YES;
				CLANG_WARN_DIRECT_OBJC_ISA_USAGE = YES_ERROR;
				CLANG_WARN_DOCUMENTATION_COMMENTS = YES;
				CLANG_WARN_EMPTY_BODY = YES;
				CLANG_WARN_ENUM_CONVERSION = YES;
				CLANG_WARN_INFINITE_RECURSION = YES;
				CLANG_WARN_INT_CONVERSION = YES;
				CLANG_WARN_OBJC_ROOT_CLASS = YES_ERROR;
				CLANG_WARN_SUSPICIOUS_MOVE = YES;
				CLANG_WARN_SUSPICIOUS_MOVES = YES;
				CLANG_WARN_UNREACHABLE_CODE = YES;
				CLANG_WARN__DUPLICATE_METHOD_MATCH = YES;
				"CODE_SIGN_IDENTITY[sdk=iphoneos*]" = "iPhone Developer";
				COPY_PHASE_STRIP = NO;
				DEBUG_INFORMATION_FORMAT = "dwarf-with-dsym";
				ENABLE_NS_ASSERTIONS = NO;
				ENABLE_STRICT_OBJC_MSGSEND = YES;
				GCC_C_LANGUAGE_STANDARD = gnu99;
				GCC_NO_COMMON_BLOCKS = YES;
				GCC_WARN_64_TO_32_BIT_CONVERSION = YES;
				GCC_WARN_ABOUT_RETURN_TYPE = YES_ERROR;
				GCC_WARN_UNDECLARED_SELECTOR = YES;
				GCC_WARN_UNINITIALIZED_AUTOS = YES_AGGRESSIVE;
				GCC_WARN_UNUSED_FUNCTION = YES;
				GCC_WARN_UNUSED_VARIABLE = YES;
				IPHONEOS_DEPLOYMENT_TARGET = 10.0;
				MTL_ENABLE_DEBUG_INFO = NO;
				SDKROOT = iphoneos;
				SWIFT_OPTIMIZATION_LEVEL = "-Owholemodule";
				TARGETED_DEVICE_FAMILY = "1,2";
				VALIDATE_PRODUCT = YES;
			};
			name = Release;
		};
		D0732B991DB138E3003A28B8 /* Debug */ = {
			isa = XCBuildConfiguration;
			baseConfigurationReference = 158D2D67A938C69458E8B48C /* Pods-SeaFoodCanIAskYou.debug.xcconfig */;
			buildSettings = {
				ALWAYS_EMBED_SWIFT_STANDARD_LIBRARIES = YES;
				ASSETCATALOG_COMPILER_APPICON_NAME = AppIcon;
				"CODE_SIGN_IDENTITY[sdk=iphoneos*]" = "iPhone Developer";
				CURRENT_PROJECT_VERSION = 9;
				DEVELOPMENT_TEAM = 53ZNTUCJHP;
				INFOPLIST_FILE = SeaFoodCanIAskYou/Info.plist;
				IPHONEOS_DEPLOYMENT_TARGET = 10.0;
				LD_RUNPATH_SEARCH_PATHS = "$(inherited) @executable_path/Frameworks";
				PRODUCT_BUNDLE_IDENTIFIER = co.alphacamp.SeaFoodCanIAskYo;
				PRODUCT_NAME = "$(TARGET_NAME)";
				PROVISIONING_PROFILE_SPECIFIER = "";
				SWIFT_VERSION = 3.0;
				TARGETED_DEVICE_FAMILY = "1,2";
				VERSIONING_SYSTEM = "";
			};
			name = Debug;
		};
		D0732B9A1DB138E3003A28B8 /* Release */ = {
			isa = XCBuildConfiguration;
			baseConfigurationReference = 64BFC4711F805709805291F3 /* Pods-SeaFoodCanIAskYou.release.xcconfig */;
			buildSettings = {
				ALWAYS_EMBED_SWIFT_STANDARD_LIBRARIES = YES;
				ASSETCATALOG_COMPILER_APPICON_NAME = AppIcon;
				"CODE_SIGN_IDENTITY[sdk=iphoneos*]" = "iPhone Developer";
				CURRENT_PROJECT_VERSION = 9;
				DEVELOPMENT_TEAM = 53ZNTUCJHP;
				INFOPLIST_FILE = SeaFoodCanIAskYou/Info.plist;
				IPHONEOS_DEPLOYMENT_TARGET = 10.0;
				LD_RUNPATH_SEARCH_PATHS = "$(inherited) @executable_path/Frameworks";
				PRODUCT_BUNDLE_IDENTIFIER = co.alphacamp.SeaFoodCanIAskYo;
				PRODUCT_NAME = "$(TARGET_NAME)";
				PROVISIONING_PROFILE_SPECIFIER = "";
				SWIFT_VERSION = 3.0;
				TARGETED_DEVICE_FAMILY = "1,2";
				VERSIONING_SYSTEM = "";
			};
			name = Release;
		};
/* End XCBuildConfiguration section */

/* Begin XCConfigurationList section */
		D01FEA6920B3042800CC5F25 /* Build configuration list for PBXNativeTarget "SeaFoodCanIAskYouTests" */ = {
			isa = XCConfigurationList;
			buildConfigurations = (
				D01FEA6A20B3042800CC5F25 /* Debug */,
				D01FEA6B20B3042800CC5F25 /* Release */,
			);
			defaultConfigurationIsVisible = 0;
			defaultConfigurationName = Release;
		};
		D0732B811DB138E3003A28B8 /* Build configuration list for PBXProject "SeaFoodCanIAskYou" */ = {
			isa = XCConfigurationList;
			buildConfigurations = (
				D0732B961DB138E3003A28B8 /* Debug */,
				D0732B971DB138E3003A28B8 /* Release */,
			);
			defaultConfigurationIsVisible = 0;
			defaultConfigurationName = Release;
		};
		D0732B981DB138E3003A28B8 /* Build configuration list for PBXNativeTarget "SeaFoodCanIAskYou" */ = {
			isa = XCConfigurationList;
			buildConfigurations = (
				D0732B991DB138E3003A28B8 /* Debug */,
				D0732B9A1DB138E3003A28B8 /* Release */,
			);
			defaultConfigurationIsVisible = 0;
			defaultConfigurationName = Release;
		};
/* End XCConfigurationList section */
	};
	rootObject = D0732B7E1DB138E3003A28B8 /* Project object */;
}
