// !$*UTF8*$!
{
	archiveVersion = 1;
	classes = {
	};
	objectVersion = 46;
	objects = {

/* Begin PBXBuildFile section */
		336096EC5EA1E3F60A5117B5 /* Pods_SeaFoodCanIAskYou.framework in Frameworks */ = {isa = PBXBuildFile; fileRef = D51970DE3B09F19AB3096B28 /* Pods_SeaFoodCanIAskYou.framework */; };
		D018F4241DC30C0400E58069 /* EditAnswer.swift in Sources */ = {isa = PBXBuildFile; fileRef = D018F4231DC30C0400E58069 /* EditAnswer.swift */; };
		D055FD2E1E1F631600517E22 /* QuestionAndAnswerDatabase.swift in Sources */ = {isa = PBXBuildFile; fileRef = D055FD2D1E1F631600517E22 /* QuestionAndAnswerDatabase.swift */; };
		D0732B8A1DB138E3003A28B8 /* AppDelegate.swift in Sources */ = {isa = PBXBuildFile; fileRef = D0732B891DB138E3003A28B8 /* AppDelegate.swift */; };
		D0732B8C1DB138E3003A28B8 /* ViewController.swift in Sources */ = {isa = PBXBuildFile; fileRef = D0732B8B1DB138E3003A28B8 /* ViewController.swift */; };
		D0732B8F1DB138E3003A28B8 /* Main.storyboard in Resources */ = {isa = PBXBuildFile; fileRef = D0732B8D1DB138E3003A28B8 /* Main.storyboard */; };
		D0732B941DB138E3003A28B8 /* LaunchScreen.storyboard in Resources */ = {isa = PBXBuildFile; fileRef = D0732B921DB138E3003A28B8 /* LaunchScreen.storyboard */; };
		D0732B9E1DB146A6003A28B8 /* Assets 00-59-00-930.xcassets in Resources */ = {isa = PBXBuildFile; fileRef = D0732B9D1DB146A6003A28B8 /* Assets 00-59-00-930.xcassets */; };
		D0863A311ED7296200D16564 /* SeaFoodCanIAskYouUITests.swift in Sources */ = {isa = PBXBuildFile; fileRef = D0863A301ED7296200D16564 /* SeaFoodCanIAskYouUITests.swift */; };
		D0863A391ED72A0200D16564 /* UITest.swift in Sources */ = {isa = PBXBuildFile; fileRef = D0863A381ED72A0200D16564 /* UITest.swift */; };
		D09440171E4767D0002BBAE3 /* UIViewControllerByProgaming.swift in Sources */ = {isa = PBXBuildFile; fileRef = D09440161E4767D0002BBAE3 /* UIViewControllerByProgaming.swift */; };
		D099057F1DBB482D00BBB377 /* MapKit.framework in Frameworks */ = {isa = PBXBuildFile; fileRef = D099057E1DBB482D00BBB377 /* MapKit.framework */; };
		D0E196EE1DBF9E6000838B2D /* EditQuestion.swift in Sources */ = {isa = PBXBuildFile; fileRef = D0E196ED1DBF9E6000838B2D /* EditQuestion.swift */; };
		D0F57C321DB73DA800866345 /* ShowAnswerViewController.swift in Sources */ = {isa = PBXBuildFile; fileRef = D0F57C311DB73DA800866345 /* ShowAnswerViewController.swift */; };
/* End PBXBuildFile section */

/* Begin PBXContainerItemProxy section */
		D0863A331ED7296200D16564 /* PBXContainerItemProxy */ = {
			isa = PBXContainerItemProxy;
			containerPortal = D0732B7E1DB138E3003A28B8 /* Project object */;
			proxyType = 1;
			remoteGlobalIDString = D0732B851DB138E3003A28B8;
			remoteInfo = SeaFoodCanIAskYou;
		};
/* End PBXContainerItemProxy section */

/* Begin PBXFileReference section */
		4DF675540DE248CA26A1C8D5 /* Pods-SeaFoodCanIAskYou.debug.xcconfig */ = {isa = PBXFileReference; includeInIndex = 1; lastKnownFileType = text.xcconfig; name = "Pods-SeaFoodCanIAskYou.debug.xcconfig"; path = "Pods/Target Support Files/Pods-SeaFoodCanIAskYou/Pods-SeaFoodCanIAskYou.debug.xcconfig"; sourceTree = "<group>"; };
		BE70E25276CD96B4BA9FD949 /* Pods-SeaFoodCanIAskYou.release.xcconfig */ = {isa = PBXFileReference; includeInIndex = 1; lastKnownFileType = text.xcconfig; name = "Pods-SeaFoodCanIAskYou.release.xcconfig"; path = "Pods/Target Support Files/Pods-SeaFoodCanIAskYou/Pods-SeaFoodCanIAskYou.release.xcconfig"; sourceTree = "<group>"; };
		D018F4231DC30C0400E58069 /* EditAnswer.swift */ = {isa = PBXFileReference; fileEncoding = 4; lastKnownFileType = sourcecode.swift; path = EditAnswer.swift; sourceTree = "<group>"; };
		D055FD2D1E1F631600517E22 /* QuestionAndAnswerDatabase.swift */ = {isa = PBXFileReference; fileEncoding = 4; lastKnownFileType = sourcecode.swift; path = QuestionAndAnswerDatabase.swift; sourceTree = "<group>"; };
		D0732B861DB138E3003A28B8 /* SeaFoodCanIAskYou.app */ = {isa = PBXFileReference; explicitFileType = wrapper.application; includeInIndex = 0; path = SeaFoodCanIAskYou.app; sourceTree = BUILT_PRODUCTS_DIR; };
		D0732B891DB138E3003A28B8 /* AppDelegate.swift */ = {isa = PBXFileReference; lastKnownFileType = sourcecode.swift; path = AppDelegate.swift; sourceTree = "<group>"; };
		D0732B8B1DB138E3003A28B8 /* ViewController.swift */ = {isa = PBXFileReference; lastKnownFileType = sourcecode.swift; path = ViewController.swift; sourceTree = "<group>"; };
		D0732B8E1DB138E3003A28B8 /* Base */ = {isa = PBXFileReference; lastKnownFileType = file.storyboard; name = Base; path = Base.lproj/Main.storyboard; sourceTree = "<group>"; };
		D0732B931DB138E3003A28B8 /* Base */ = {isa = PBXFileReference; lastKnownFileType = file.storyboard; name = Base; path = Base.lproj/LaunchScreen.storyboard; sourceTree = "<group>"; };
		D0732B951DB138E3003A28B8 /* Info.plist */ = {isa = PBXFileReference; lastKnownFileType = text.plist.xml; path = Info.plist; sourceTree = "<group>"; };
		D0732B9D1DB146A6003A28B8 /* Assets 00-59-00-930.xcassets */ = {isa = PBXFileReference; lastKnownFileType = folder.assetcatalog; path = "Assets 00-59-00-930.xcassets"; sourceTree = "<group>"; };
		D0863A2E1ED7296100D16564 /* SeaFoodCanIAskYouUITests.xctest */ = {isa = PBXFileReference; explicitFileType = wrapper.cfbundle; includeInIndex = 0; path = SeaFoodCanIAskYouUITests.xctest; sourceTree = BUILT_PRODUCTS_DIR; };
		D0863A301ED7296200D16564 /* SeaFoodCanIAskYouUITests.swift */ = {isa = PBXFileReference; lastKnownFileType = sourcecode.swift; path = SeaFoodCanIAskYouUITests.swift; sourceTree = "<group>"; };
		D0863A321ED7296200D16564 /* Info.plist */ = {isa = PBXFileReference; lastKnownFileType = text.plist.xml; path = Info.plist; sourceTree = "<group>"; };
		D0863A381ED72A0200D16564 /* UITest.swift */ = {isa = PBXFileReference; fileEncoding = 4; lastKnownFileType = sourcecode.swift; path = UITest.swift; sourceTree = "<group>"; };
		D09440161E4767D0002BBAE3 /* UIViewControllerByProgaming.swift */ = {isa = PBXFileReference; fileEncoding = 4; lastKnownFileType = sourcecode.swift; path = UIViewControllerByProgaming.swift; sourceTree = "<group>"; };
		D099057E1DBB482D00BBB377 /* MapKit.framework */ = {isa = PBXFileReference; lastKnownFileType = wrapper.framework; name = MapKit.framework; path = System/Library/Frameworks/MapKit.framework; sourceTree = SDKROOT; };
		D0E196ED1DBF9E6000838B2D /* EditQuestion.swift */ = {isa = PBXFileReference; fileEncoding = 4; lastKnownFileType = sourcecode.swift; path = EditQuestion.swift; sourceTree = "<group>"; };
		D0F57C311DB73DA800866345 /* ShowAnswerViewController.swift */ = {isa = PBXFileReference; fileEncoding = 4; lastKnownFileType = sourcecode.swift; path = ShowAnswerViewController.swift; sourceTree = "<group>"; };
		D0FF1DE01EE8058D00E3785F /* SeaFoodCanIAskYou copy-Info.plist */ = {isa = PBXFileReference; lastKnownFileType = text.plist.xml; name = "SeaFoodCanIAskYou copy-Info.plist"; path = "/Users/Justin/Developer/Justin的自我練習/SeaFoodCanIAskYou/SeaFoodCanIAskYou copy-Info.plist"; sourceTree = "<absolute>"; };
		D51970DE3B09F19AB3096B28 /* Pods_SeaFoodCanIAskYou.framework */ = {isa = PBXFileReference; explicitFileType = wrapper.framework; includeInIndex = 0; path = Pods_SeaFoodCanIAskYou.framework; sourceTree = BUILT_PRODUCTS_DIR; };
/* End PBXFileReference section */

/* Begin PBXFrameworksBuildPhase section */
		D0732B831DB138E3003A28B8 /* Frameworks */ = {
			isa = PBXFrameworksBuildPhase;
			buildActionMask = 2147483647;
			files = (
				D099057F1DBB482D00BBB377 /* MapKit.framework in Frameworks */,
				336096EC5EA1E3F60A5117B5 /* Pods_SeaFoodCanIAskYou.framework in Frameworks */,
			);
			runOnlyForDeploymentPostprocessing = 0;
		};
		D0863A2B1ED7296100D16564 /* Frameworks */ = {
			isa = PBXFrameworksBuildPhase;
			buildActionMask = 2147483647;
			files = (
			);
			runOnlyForDeploymentPostprocessing = 0;
		};
/* End PBXFrameworksBuildPhase section */

/* Begin PBXGroup section */
		A40681296C68558143F893DD /* Pods */ = {
			isa = PBXGroup;
			children = (
				4DF675540DE248CA26A1C8D5 /* Pods-SeaFoodCanIAskYou.debug.xcconfig */,
				BE70E25276CD96B4BA9FD949 /* Pods-SeaFoodCanIAskYou.release.xcconfig */,
			);
			name = Pods;
			sourceTree = "<group>";
		};
		D0230A2A1DBC93CD0025B913 /* AskQuestionView */ = {
			isa = PBXGroup;
			children = (
				D0732B8B1DB138E3003A28B8 /* ViewController.swift */,
				D0F57C311DB73DA800866345 /* ShowAnswerViewController.swift */,
				D0E196ED1DBF9E6000838B2D /* EditQuestion.swift */,
				D018F4231DC30C0400E58069 /* EditAnswer.swift */,
				D055FD2D1E1F631600517E22 /* QuestionAndAnswerDatabase.swift */,
				D09440161E4767D0002BBAE3 /* UIViewControllerByProgaming.swift */,
			);
			name = AskQuestionView;
			sourceTree = "<group>";
		};
		D0732B7D1DB138E3003A28B8 = {
			isa = PBXGroup;
			children = (
				D0732B881DB138E3003A28B8 /* SeaFoodCanIAskYou */,
				D0863A381ED72A0200D16564 /* UITest.swift */,
				D0863A2F1ED7296200D16564 /* SeaFoodCanIAskYouUITests */,
				D0732B871DB138E3003A28B8 /* Products */,
				D099057D1DBB482D00BBB377 /* Frameworks */,
				A40681296C68558143F893DD /* Pods */,
				D0FF1DE01EE8058D00E3785F /* SeaFoodCanIAskYou copy-Info.plist */,
			);
			sourceTree = "<group>";
		};
		D0732B871DB138E3003A28B8 /* Products */ = {
			isa = PBXGroup;
			children = (
				D0732B861DB138E3003A28B8 /* SeaFoodCanIAskYou.app */,
				D0863A2E1ED7296100D16564 /* SeaFoodCanIAskYouUITests.xctest */,
			);
			name = Products;
			sourceTree = "<group>";
		};
		D0732B881DB138E3003A28B8 /* SeaFoodCanIAskYou */ = {
			isa = PBXGroup;
			children = (
				D0732B891DB138E3003A28B8 /* AppDelegate.swift */,
				D0230A2A1DBC93CD0025B913 /* AskQuestionView */,
				D0732B8D1DB138E3003A28B8 /* Main.storyboard */,
				D0732B921DB138E3003A28B8 /* LaunchScreen.storyboard */,
				D0732B9D1DB146A6003A28B8 /* Assets 00-59-00-930.xcassets */,
				D0732B951DB138E3003A28B8 /* Info.plist */,
			);
			path = SeaFoodCanIAskYou;
			sourceTree = "<group>";
		};
		D0863A2F1ED7296200D16564 /* SeaFoodCanIAskYouUITests */ = {
			isa = PBXGroup;
			children = (
				D0863A301ED7296200D16564 /* SeaFoodCanIAskYouUITests.swift */,
				D0863A321ED7296200D16564 /* Info.plist */,
			);
			path = SeaFoodCanIAskYouUITests;
			sourceTree = "<group>";
		};
		D099057D1DBB482D00BBB377 /* Frameworks */ = {
			isa = PBXGroup;
			children = (
				D099057E1DBB482D00BBB377 /* MapKit.framework */,
				D51970DE3B09F19AB3096B28 /* Pods_SeaFoodCanIAskYou.framework */,
			);
			name = Frameworks;
			sourceTree = "<group>";
		};
/* End PBXGroup section */

/* Begin PBXNativeTarget section */
		D0732B851DB138E3003A28B8 /* SeaFoodCanIAskYou */ = {
			isa = PBXNativeTarget;
			buildConfigurationList = D0732B981DB138E3003A28B8 /* Build configuration list for PBXNativeTarget "SeaFoodCanIAskYou" */;
			buildPhases = (
				7EDD4B0BBA89EAE07B3BC84C /* [CP] Check Pods Manifest.lock */,
				D0732B821DB138E3003A28B8 /* Sources */,
				D0732B831DB138E3003A28B8 /* Frameworks */,
				D0732B841DB138E3003A28B8 /* Resources */,
				AC29651B6A92E56EA99AA7D2 /* [CP] Embed Pods Frameworks */,
				4DFEF67F87CF7738FE4A8799 /* [CP] Copy Pods Resources */,
			);
			buildRules = (
			);
			dependencies = (
			);
			name = SeaFoodCanIAskYou;
			productName = SeaFoodCanIAskYou;
			productReference = D0732B861DB138E3003A28B8 /* SeaFoodCanIAskYou.app */;
			productType = "com.apple.product-type.application";
		};
		D0863A2D1ED7296100D16564 /* SeaFoodCanIAskYouUITests */ = {
			isa = PBXNativeTarget;
			buildConfigurationList = D0863A351ED7296200D16564 /* Build configuration list for PBXNativeTarget "SeaFoodCanIAskYouUITests" */;
			buildPhases = (
				D0863A2A1ED7296100D16564 /* Sources */,
				D0863A2B1ED7296100D16564 /* Frameworks */,
				D0863A2C1ED7296100D16564 /* Resources */,
			);
			buildRules = (
			);
			dependencies = (
				D0863A341ED7296200D16564 /* PBXTargetDependency */,
			);
			name = SeaFoodCanIAskYouUITests;
			productName = SeaFoodCanIAskYouUITests;
			productReference = D0863A2E1ED7296100D16564 /* SeaFoodCanIAskYouUITests.xctest */;
			productType = "com.apple.product-type.bundle.ui-testing";
		};
/* End PBXNativeTarget section */

/* Begin PBXProject section */
		D0732B7E1DB138E3003A28B8 /* Project object */ = {
			isa = PBXProject;
			attributes = {
				LastSwiftUpdateCheck = 0830;
				LastUpgradeCheck = 0820;
				ORGANIZATIONNAME = "Justin Huang";
				TargetAttributes = {
					D0732B851DB138E3003A28B8 = {
						CreatedOnToolsVersion = 8.0;
						DevelopmentTeam = 6J8V4A532L;
						ProvisioningStyle = Automatic;
						SystemCapabilities = {
							com.apple.Maps.iOS = {
								enabled = 1;
							};
						};
					};
					D0863A2D1ED7296100D16564 = {
						CreatedOnToolsVersion = 8.3.2;
						DevelopmentTeam = 6J8V4A532L;
						ProvisioningStyle = Automatic;
						TestTargetID = D0732B851DB138E3003A28B8;
					};
				};
			};
			buildConfigurationList = D0732B811DB138E3003A28B8 /* Build configuration list for PBXProject "SeaFoodCanIAskYou" */;
			compatibilityVersion = "Xcode 3.2";
			developmentRegion = English;
			hasScannedForEncodings = 0;
			knownRegions = (
				en,
				Base,
			);
			mainGroup = D0732B7D1DB138E3003A28B8;
			productRefGroup = D0732B871DB138E3003A28B8 /* Products */;
			projectDirPath = "";
			projectRoot = "";
			targets = (
				D0732B851DB138E3003A28B8 /* SeaFoodCanIAskYou */,
				D0863A2D1ED7296100D16564 /* SeaFoodCanIAskYouUITests */,
			);
		};
/* End PBXProject section */

/* Begin PBXResourcesBuildPhase section */
		D0732B841DB138E3003A28B8 /* Resources */ = {
			isa = PBXResourcesBuildPhase;
			buildActionMask = 2147483647;
			files = (
				D0732B941DB138E3003A28B8 /* LaunchScreen.storyboard in Resources */,
				D0732B9E1DB146A6003A28B8 /* Assets 00-59-00-930.xcassets in Resources */,
				D0732B8F1DB138E3003A28B8 /* Main.storyboard in Resources */,
			);
			runOnlyForDeploymentPostprocessing = 0;
		};
		D0863A2C1ED7296100D16564 /* Resources */ = {
			isa = PBXResourcesBuildPhase;
			buildActionMask = 2147483647;
			files = (
			);
			runOnlyForDeploymentPostprocessing = 0;
		};
/* End PBXResourcesBuildPhase section */

/* Begin PBXShellScriptBuildPhase section */
		4DFEF67F87CF7738FE4A8799 /* [CP] Copy Pods Resources */ = {
			isa = PBXShellScriptBuildPhase;
			buildActionMask = 2147483647;
			files = (
			);
			inputPaths = (
			);
			name = "[CP] Copy Pods Resources";
			outputPaths = (
			);
			runOnlyForDeploymentPostprocessing = 0;
			shellPath = /bin/sh;
			shellScript = "\"${SRCROOT}/Pods/Target Support Files/Pods-SeaFoodCanIAskYou/Pods-SeaFoodCanIAskYou-resources.sh\"\n";
			showEnvVarsInLog = 0;
		};
		7EDD4B0BBA89EAE07B3BC84C /* [CP] Check Pods Manifest.lock */ = {
			isa = PBXShellScriptBuildPhase;
			buildActionMask = 2147483647;
			files = (
			);
			inputPaths = (
			);
			name = "[CP] Check Pods Manifest.lock";
			outputPaths = (
			);
			runOnlyForDeploymentPostprocessing = 0;
			shellPath = /bin/sh;
			shellScript = "diff \"${PODS_PODFILE_DIR_PATH}/Podfile.lock\" \"${PODS_ROOT}/Manifest.lock\" > /dev/null\nif [ $? != 0 ] ; then\n    # print error to STDERR\n    echo \"error: The sandbox is not in sync with the Podfile.lock. Run 'pod install' or update your CocoaPods installation.\" >&2\n    exit 1\nfi\n";
			showEnvVarsInLog = 0;
		};
		AC29651B6A92E56EA99AA7D2 /* [CP] Embed Pods Frameworks */ = {
			isa = PBXShellScriptBuildPhase;
			buildActionMask = 2147483647;
			files = (
			);
			inputPaths = (
			);
			name = "[CP] Embed Pods Frameworks";
			outputPaths = (
			);
			runOnlyForDeploymentPostprocessing = 0;
			shellPath = /bin/sh;
			shellScript = "\"${SRCROOT}/Pods/Target Support Files/Pods-SeaFoodCanIAskYou/Pods-SeaFoodCanIAskYou-frameworks.sh\"\n";
			showEnvVarsInLog = 0;
		};
/* End PBXShellScriptBuildPhase section */

/* Begin PBXSourcesBuildPhase section */
		D0732B821DB138E3003A28B8 /* Sources */ = {
			isa = PBXSourcesBuildPhase;
			buildActionMask = 2147483647;
			files = (
				D0732B8C1DB138E3003A28B8 /* ViewController.swift in Sources */,
				D018F4241DC30C0400E58069 /* EditAnswer.swift in Sources */,
				D0E196EE1DBF9E6000838B2D /* EditQuestion.swift in Sources */,
				D0F57C321DB73DA800866345 /* ShowAnswerViewController.swift in Sources */,
				D055FD2E1E1F631600517E22 /* QuestionAndAnswerDatabase.swift in Sources */,
				D0732B8A1DB138E3003A28B8 /* AppDelegate.swift in Sources */,
				D09440171E4767D0002BBAE3 /* UIViewControllerByProgaming.swift in Sources */,
			);
			runOnlyForDeploymentPostprocessing = 0;
		};
		D0863A2A1ED7296100D16564 /* Sources */ = {
			isa = PBXSourcesBuildPhase;
			buildActionMask = 2147483647;
			files = (
				D0863A311ED7296200D16564 /* SeaFoodCanIAskYouUITests.swift in Sources */,
				D0863A391ED72A0200D16564 /* UITest.swift in Sources */,
			);
			runOnlyForDeploymentPostprocessing = 0;
		};
/* End PBXSourcesBuildPhase section */

/* Begin PBXTargetDependency section */
		D0863A341ED7296200D16564 /* PBXTargetDependency */ = {
			isa = PBXTargetDependency;
			target = D0732B851DB138E3003A28B8 /* SeaFoodCanIAskYou */;
			targetProxy = D0863A331ED7296200D16564 /* PBXContainerItemProxy */;
		};
/* End PBXTargetDependency section */

/* Begin PBXVariantGroup section */
		D0732B8D1DB138E3003A28B8 /* Main.storyboard */ = {
			isa = PBXVariantGroup;
			children = (
				D0732B8E1DB138E3003A28B8 /* Base */,
			);
			name = Main.storyboard;
			sourceTree = "<group>";
		};
		D0732B921DB138E3003A28B8 /* LaunchScreen.storyboard */ = {
			isa = PBXVariantGroup;
			children = (
				D0732B931DB138E3003A28B8 /* Base */,
			);
			name = LaunchScreen.storyboard;
			sourceTree = "<group>";
		};
/* End PBXVariantGroup section */

/* Begin XCBuildConfiguration section */
		D0732B961DB138E3003A28B8 /* Debug */ = {
			isa = XCBuildConfiguration;
			buildSettings = {
				ALWAYS_SEARCH_USER_PATHS = NO;
				CLANG_ANALYZER_NONNULL = YES;
				CLANG_CXX_LANGUAGE_STANDARD = "gnu++0x";
				CLANG_CXX_LIBRARY = "libc++";
				CLANG_ENABLE_MODULES = YES;
				CLANG_ENABLE_OBJC_ARC = YES;
				CLANG_WARN_BOOL_CONVERSION = YES;
				CLANG_WARN_CONSTANT_CONVERSION = YES;
				CLANG_WARN_DIRECT_OBJC_ISA_USAGE = YES_ERROR;
				CLANG_WARN_DOCUMENTATION_COMMENTS = YES;
				CLANG_WARN_EMPTY_BODY = YES;
				CLANG_WARN_ENUM_CONVERSION = YES;
				CLANG_WARN_INFINITE_RECURSION = YES;
				CLANG_WARN_INT_CONVERSION = YES;
				CLANG_WARN_OBJC_ROOT_CLASS = YES_ERROR;
				CLANG_WARN_SUSPICIOUS_MOVE = YES;
				CLANG_WARN_SUSPICIOUS_MOVES = YES;
				CLANG_WARN_UNREACHABLE_CODE = YES;
				CLANG_WARN__DUPLICATE_METHOD_MATCH = YES;
				"CODE_SIGN_IDENTITY[sdk=iphoneos*]" = "iPhone Developer";
				COPY_PHASE_STRIP = NO;
				DEBUG_INFORMATION_FORMAT = dwarf;
				ENABLE_STRICT_OBJC_MSGSEND = YES;
				ENABLE_TESTABILITY = YES;
				GCC_C_LANGUAGE_STANDARD = gnu99;
				GCC_DYNAMIC_NO_PIC = NO;
				GCC_NO_COMMON_BLOCKS = YES;
				GCC_OPTIMIZATION_LEVEL = 0;
				GCC_PREPROCESSOR_DEFINITIONS = (
					"DEBUG=1",
					"$(inherited)",
				);
				GCC_WARN_64_TO_32_BIT_CONVERSION = YES;
				GCC_WARN_ABOUT_RETURN_TYPE = YES_ERROR;
				GCC_WARN_UNDECLARED_SELECTOR = YES;
				GCC_WARN_UNINITIALIZED_AUTOS = YES_AGGRESSIVE;
				GCC_WARN_UNUSED_FUNCTION = YES;
				GCC_WARN_UNUSED_VARIABLE = YES;
				IPHONEOS_DEPLOYMENT_TARGET = 10.0;
				MTL_ENABLE_DEBUG_INFO = YES;
				ONLY_ACTIVE_ARCH = YES;
				SDKROOT = iphoneos;
				SWIFT_ACTIVE_COMPILATION_CONDITIONS = DEBUG;
				SWIFT_OPTIMIZATION_LEVEL = "-Onone";
				TARGETED_DEVICE_FAMILY = "1,2";
			};
			name = Debug;
		};
		D0732B971DB138E3003A28B8 /* Release */ = {
			isa = XCBuildConfiguration;
			buildSettings = {
				ALWAYS_SEARCH_USER_PATHS = NO;
				CLANG_ANALYZER_NONNULL = YES;
				CLANG_CXX_LANGUAGE_STANDARD = "gnu++0x";
				CLANG_CXX_LIBRARY = "libc++";
				CLANG_ENABLE_MODULES = YES;
				CLANG_ENABLE_OBJC_ARC = YES;
				CLANG_WARN_BOOL_CONVERSION = YES;
				CLANG_WARN_CONSTANT_CONVERSION = YES;
				CLANG_WARN_DIRECT_OBJC_ISA_USAGE = YES_ERROR;
				CLANG_WARN_DOCUMENTATION_COMMENTS = YES;
				CLANG_WARN_EMPTY_BODY = YES;
				CLANG_WARN_ENUM_CONVERSION = YES;
				CLANG_WARN_INFINITE_RECURSION = YES;
				CLANG_WARN_INT_CONVERSION = YES;
				CLANG_WARN_OBJC_ROOT_CLASS = YES_ERROR;
				CLANG_WARN_SUSPICIOUS_MOVE = YES;
				CLANG_WARN_SUSPICIOUS_MOVES = YES;
				CLANG_WARN_UNREACHABLE_CODE = YES;
				CLANG_WARN__DUPLICATE_METHOD_MATCH = YES;
				"CODE_SIGN_IDENTITY[sdk=iphoneos*]" = "iPhone Developer";
				COPY_PHASE_STRIP = NO;
				DEBUG_INFORMATION_FORMAT = "dwarf-with-dsym";
				ENABLE_NS_ASSERTIONS = NO;
				ENABLE_STRICT_OBJC_MSGSEND = YES;
				GCC_C_LANGUAGE_STANDARD = gnu99;
				GCC_NO_COMMON_BLOCKS = YES;
				GCC_WARN_64_TO_32_BIT_CONVERSION = YES;
				GCC_WARN_ABOUT_RETURN_TYPE = YES_ERROR;
				GCC_WARN_UNDECLARED_SELECTOR = YES;
				GCC_WARN_UNINITIALIZED_AUTOS = YES_AGGRESSIVE;
				GCC_WARN_UNUSED_FUNCTION = YES;
				GCC_WARN_UNUSED_VARIABLE = YES;
				IPHONEOS_DEPLOYMENT_TARGET = 10.0;
				MTL_ENABLE_DEBUG_INFO = NO;
				SDKROOT = iphoneos;
				SWIFT_OPTIMIZATION_LEVEL = "-Owholemodule";
				TARGETED_DEVICE_FAMILY = "1,2";
				VALIDATE_PRODUCT = YES;
			};
			name = Release;
		};
		D0732B991DB138E3003A28B8 /* Debug */ = {
			isa = XCBuildConfiguration;
			baseConfigurationReference = 4DF675540DE248CA26A1C8D5 /* Pods-SeaFoodCanIAskYou.debug.xcconfig */;
			buildSettings = {
				ALWAYS_EMBED_SWIFT_STANDARD_LIBRARIES = YES;
				ASSETCATALOG_COMPILER_APPICON_NAME = AppIcon;
				"CODE_SIGN_IDENTITY[sdk=iphoneos*]" = "iPhone Developer";
				CURRENT_PROJECT_VERSION = 9;
				DEVELOPMENT_TEAM = 6J8V4A532L;
				INFOPLIST_FILE = SeaFoodCanIAskYou/Info.plist;
				IPHONEOS_DEPLOYMENT_TARGET = 10.0;
				LD_RUNPATH_SEARCH_PATHS = "$(inherited) @executable_path/Frameworks";
				PRODUCT_BUNDLE_IDENTIFIER = co.alphacamp.SeaFoodCanIAskYou;
				PRODUCT_NAME = "$(TARGET_NAME)";
				PROVISIONING_PROFILE_SPECIFIER = "";
				SWIFT_VERSION = 3.0;
				TARGETED_DEVICE_FAMILY = "1,2";
				VERSIONING_SYSTEM = "";
			};
			name = Debug;
		};
		D0732B9A1DB138E3003A28B8 /* Release */ = {
			isa = XCBuildConfiguration;
			baseConfigurationReference = BE70E25276CD96B4BA9FD949 /* Pods-SeaFoodCanIAskYou.release.xcconfig */;
			buildSettings = {
				ALWAYS_EMBED_SWIFT_STANDARD_LIBRARIES = YES;
				ASSETCATALOG_COMPILER_APPICON_NAME = AppIcon;
				"CODE_SIGN_IDENTITY[sdk=iphoneos*]" = "iPhone Developer";
				CURRENT_PROJECT_VERSION = 9;
				DEVELOPMENT_TEAM = 6J8V4A532L;
				INFOPLIST_FILE = SeaFoodCanIAskYou/Info.plist;
				IPHONEOS_DEPLOYMENT_TARGET = 10.0;
				LD_RUNPATH_SEARCH_PATHS = "$(inherited) @executable_path/Frameworks";
				PRODUCT_BUNDLE_IDENTIFIER = co.alphacamp.SeaFoodCanIAskYou;
				PRODUCT_NAME = "$(TARGET_NAME)";
				PROVISIONING_PROFILE_SPECIFIER = "";
				SWIFT_VERSION = 3.0;
				TARGETED_DEVICE_FAMILY = "1,2";
				VERSIONING_SYSTEM = "";
			};
			name = Release;
		};
		D0863A361ED7296200D16564 /* Debug */ = {
			isa = XCBuildConfiguration;
			buildSettings = {
				CLANG_ANALYZER_NUMBER_OBJECT_CONVERSION = YES_AGGRESSIVE;
				DEVELOPMENT_TEAM = 6J8V4A532L;
				INFOPLIST_FILE = SeaFoodCanIAskYouUITests/Info.plist;
				IPHONEOS_DEPLOYMENT_TARGET = 10.3;
				LD_RUNPATH_SEARCH_PATHS = "$(inherited) @executable_path/Frameworks @loader_path/Frameworks";
				PRODUCT_BUNDLE_IDENTIFIER = co.seaFoodBonBon.SeaFoodCanIAskYouUITests;
				PRODUCT_NAME = "$(TARGET_NAME)";
				SWIFT_VERSION = 3.0;
				TEST_TARGET_NAME = SeaFoodCanIAskYou;
			};
			name = Debug;
		};
		D0863A371ED7296200D16564 /* Release */ = {
			isa = XCBuildConfiguration;
			buildSettings = {
				CLANG_ANALYZER_NUMBER_OBJECT_CONVERSION = YES_AGGRESSIVE;
				DEVELOPMENT_TEAM = 6J8V4A532L;
				INFOPLIST_FILE = SeaFoodCanIAskYouUITests/Info.plist;
				IPHONEOS_DEPLOYMENT_TARGET = 10.3;
				LD_RUNPATH_SEARCH_PATHS = "$(inherited) @executable_path/Frameworks @loader_path/Frameworks";
				PRODUCT_BUNDLE_IDENTIFIER = co.seaFoodBonBon.SeaFoodCanIAskYouUITests;
				PRODUCT_NAME = "$(TARGET_NAME)";
				SWIFT_VERSION = 3.0;
				TEST_TARGET_NAME = SeaFoodCanIAskYou;
			};
			name = Release;
		};
/* End XCBuildConfiguration section */

/* Begin XCConfigurationList section */
		D0732B811DB138E3003A28B8 /* Build configuration list for PBXProject "SeaFoodCanIAskYou" */ = {
			isa = XCConfigurationList;
			buildConfigurations = (
				D0732B961DB138E3003A28B8 /* Debug */,
				D0732B971DB138E3003A28B8 /* Release */,
			);
			defaultConfigurationIsVisible = 0;
			defaultConfigurationName = Release;
		};
		D0732B981DB138E3003A28B8 /* Build configuration list for PBXNativeTarget "SeaFoodCanIAskYou" */ = {
			isa = XCConfigurationList;
			buildConfigurations = (
				D0732B991DB138E3003A28B8 /* Debug */,
				D0732B9A1DB138E3003A28B8 /* Release */,
			);
			defaultConfigurationIsVisible = 0;
			defaultConfigurationName = Release;
		};
		D0863A351ED7296200D16564 /* Build configuration list for PBXNativeTarget "SeaFoodCanIAskYouUITests" */ = {
			isa = XCConfigurationList;
			buildConfigurations = (
				D0863A361ED7296200D16564 /* Debug */,
				D0863A371ED7296200D16564 /* Release */,
			);
			defaultConfigurationIsVisible = 0;
			defaultConfigurationName = Release;
		};
/* End XCConfigurationList section */
	};
	rootObject = D0732B7E1DB138E3003A28B8 /* Project object */;
}
